<?xml version="1.0" encoding="UTF-8" standalone="yes" ?>
<CodeBlocks_project_file>
	<FileVersion major="1" minor="6" />
	<Project>
		<Option title="SocketsBase" />
		<Option pch_mode="2" />
		<Option compiler="gcc" />
		<Build>
			<Target title="Debug">
				<Option output="bin/Debug/SocketsBase" prefix_auto="1" extension_auto="1" />
				<Option object_output="obj/Debug/" />
				<Option type="1" />
				<Option compiler="gcc" />
				<Compiler>
					<Add option="-g" />
				</Compiler>
			</Target>
			<Target title="Release">
				<Option output="bin/Release/SocketsBase" prefix_auto="1" extension_auto="1" />
				<Option object_output="obj/Release/" />
				<Option type="1" />
				<Option compiler="gcc" />
				<Compiler>
					<Add option="-O2" />
				</Compiler>
				<Linker>
					<Add option="-s" />
				</Linker>
			</Target>
		</Build>
		<Compiler>
			<Add option="-Wall" />
			<Add option="-fexceptions" />
			<Add directory="../../src" />
		</Compiler>
		<Linker>
			<Add option="-lpthread" />
			<Add option="-lcurl" />
			<Add library="../../lib/enet/build/libenet.a" />
		</Linker>
		<Unit filename="client_network_manager.cpp" />
		<Unit filename="client_network_manager.hpp" />
		<Unit filename="http_functions.cpp" />
		<Unit filename="http_functions.hpp" />
		<Unit filename="main.cpp" />
		<Unit filename="network_interface.cpp" />
		<Unit filename="network_interface.hpp" />
		<Unit filename="network_manager.cpp" />
		<Unit filename="network_manager.hpp" />
		<Unit filename="protocol.cpp" />
		<Unit filename="protocol.hpp" />
		<Unit filename="protocol_manager.cpp" />
		<Unit filename="protocol_manager.hpp" />
		<Unit filename="protocols/connect_to_server.cpp" />
		<Unit filename="protocols/connect_to_server.hpp" />
		<Unit filename="protocols/get_peer_address.cpp" />
		<Unit filename="protocols/get_peer_address.hpp" />
		<Unit filename="protocols/get_public_address.cpp" />
		<Unit filename="protocols/get_public_address.hpp" />
		<Unit filename="protocols/hide_public_address.cpp" />
		<Unit filename="protocols/hide_public_address.hpp" />
		<Unit filename="protocols/show_public_address.cpp" />
		<Unit filename="protocols/show_public_address.hpp" />
		<Unit filename="server_network_manager.cpp" />
		<Unit filename="server_network_manager.hpp" />
		<Unit filename="singleton.hpp" />
		<Unit filename="stk_host.cpp" />
		<Unit filename="stk_host.hpp" />
		<Unit filename="stk_peer.cpp" />
		<Unit filename="stk_peer.hpp" />
		<Unit filename="time.cpp" />
		<Unit filename="time.hpp" />
		<Unit filename="types.hpp" />
		<Extensions>
			<code_completion />
			<debugger />
		</Extensions>
	</Project>
</CodeBlocks_project_file>
