<?xml version="1.0" encoding="UTF-8" standalone="yes" ?>
<CodeBlocks_project_file>
	<FileVersion major="1" minor="6" />
	<Project>
		<Option title="supertuxkart" />
		<Option pch_mode="2" />
		<Option compiler="gcc" />
		<Build>
			<Target title="Debug">
				<Option output="./../../../supertuxkart_d" prefix_auto="1" extension_auto="1" />
				<Option object_output="Debug" />
				<Option type="1" />
				<Option compiler="gcc" />
				<Compiler>
					<Add option="-g" />
					<Add option="-Wno-ignored-qualifiers" />
					<Add option="-DBT_NO_PROFILE" />
					<Add option="-DHAVE_OPENAL" />
					<Add option="-DHAVE_OGGVORBIS" />
					<Add option="-D_DEBUG" />
					<Add option="-D_CONSOLE" />
					<Add option="-DNOMINMAX" />
					<Add option="-D_CRT_SECURE_NO_WARNINGS" />
					<Add option="-D_CRT_SECURE_NO_DEPRECATE" />
					<Add option="-DDEBUG" />
					<Add option="-DHAVE_GETTEXT" />
					<Add option="-DENABLE_NLS" />
					<Add option="-DHAVE_GLUT" />
					<Add option="-D_CRTDBG_MAP_ALLOC" />
					<Add option="-DLINUX" />
					<Add directory="../../../src" />
					<Add directory="../../../src/bullet/src" />
					<Add directory="../../../src/enet/include" />
					<Add directory="../../../dependencies/include" />
					<Add directory="../../../dependencies/include/irrlicht" />
				</Compiler>
				<ResourceCompiler>
					<Add directory="../../../src" />
					<Add directory="../../../src/bullet/src" />
					<Add directory="../../../src/enet/include" />
					<Add directory="../../../dependencies/include" />
					<Add directory="../../../dependencies/include/irrlicht" />
				</ResourceCompiler>
				<Linker>
					<Add library="openal" />
					<Add library="libogg" />
					<Add library="libvorbis" />
					<Add library="libvorbisfile" />
					<Add library="Irrlicht" />
					<Add library="GL" />
					<Add library="Debug/libbullet.a" />
					<Add library="Debug/libenet.a" />
				</Linker>
			</Target>
			<Target title="Release">
				<Option output="./../../../supertuxkart" prefix_auto="1" extension_auto="1" />
				<Option object_output="Release" />
				<Option type="1" />
				<Option compiler="gcc" />
				<Compiler>
					<Add option="-Wno-ignored-qualifiers" />
					<Add option="-DHAVE_OPENAL" />
					<Add option="-DHAVE_OGGVORBIS" />
					<Add option="-DNDEBUG" />
					<Add option="-D_CONSOLE" />
					<Add option="-DNOMINMAX" />
					<Add option="-D_CRT_SECURE_NO_WARNINGS" />
					<Add option="-D_CRT_SECURE_NO_DEPRECATE" />
					<Add option="-DBT_NO_PROFILE" />
					<Add option="-DHAVE_GETTEXT" />
					<Add option="-DENABLE_NLS" />
					<Add option="-DHAVE_GLUT" />
					<Add option="-DHAVE_IRRLICHT" />
					<Add option="-DIRR_SVN" />
					<Add directory="../../../src" />
					<Add directory="../../../src/bullet/src" />
					<Add directory="../../../src/enet/include" />
					<Add directory="../../../dependencies/include" />
					<Add directory="../../../dependencies/include/irrlicht" />
				</Compiler>
				<ResourceCompiler>
					<Add directory="../../../src" />
					<Add directory="../../../src/bullet/src" />
					<Add directory="../../../src/enet/include" />
					<Add directory="../../../dependencies/include" />
					<Add directory="../../../dependencies/include/irrlicht" />
				</ResourceCompiler>
				<Linker>
					<Add option="-s" />
					<Add library="libogg" />
					<Add library="libvorbis" />
					<Add library="libvorbisfile" />
					<Add library="Irrlicht" />
					<Add library="GL" />
					<Add library="openal" />
					<Add library="Release/libbullet.a" />
					<Add library="Release/libenet.a" />
					<Add directory="../../../dependencies/lib" />
				</Linker>
			</Target>
		</Build>
		<Compiler>
			<Add directory="/usr/include/irrlicht" />
		</Compiler>
		<Linker>
			<Add directory="Debug" />
		</Linker>
		<Unit filename="../../addons/zip.cpp" />
		<Unit filename="../../addons/zip.hpp" />
		<Unit filename="../../animations/animation_base.cpp" />
		<Unit filename="../../animations/animation_base.hpp" />
		<Unit filename="../../animations/billboard_animation.cpp" />
		<Unit filename="../../animations/billboard_animation.hpp" />
		<Unit filename="../../animations/ipo.cpp" />
		<Unit filename="../../animations/ipo.hpp" />
		<Unit filename="../../animations/three_d_animation.cpp" />
		<Unit filename="../../animations/three_d_animation.hpp" />
		<Unit filename="../../audio/music.hpp" />
		<Unit filename="../../audio/music_information.cpp" />
		<Unit filename="../../audio/music_information.hpp" />
		<Unit filename="../../audio/music_manager.cpp" />
		<Unit filename="../../audio/music_manager.hpp" />
		<Unit filename="../../audio/music_ogg.cpp" />
		<Unit filename="../../audio/music_ogg.hpp" />
		<Unit filename="../../audio/sfx_base.hpp" />
		<Unit filename="../../audio/sfx_buffer.cpp" />
		<Unit filename="../../audio/sfx_buffer.hpp" />
		<Unit filename="../../audio/sfx_manager.cpp" />
		<Unit filename="../../audio/sfx_manager.hpp" />
		<Unit filename="../../audio/sfx_openal.cpp" />
		<Unit filename="../../audio/sfx_openal.hpp" />
		<Unit filename="../../challenges/challenge.cpp" />
		<Unit filename="../../challenges/challenge.hpp" />
		<Unit filename="../../challenges/challenge_data.cpp" />
		<Unit filename="../../challenges/challenge_data.hpp" />
		<Unit filename="../../challenges/unlock_manager.cpp" />
		<Unit filename="../../challenges/unlock_manager.hpp" />
		<Unit filename="../../config/device_config.cpp" />
		<Unit filename="../../config/device_config.hpp" />
		<Unit filename="../../config/player.hpp" />
		<Unit filename="../../config/stk_config.cpp" />
		<Unit filename="../../config/stk_config.hpp" />
		<Unit filename="../../config/user_config.cpp" />
		<Unit filename="../../config/user_config.hpp" />
		<Unit filename="../../graphics/CBatchingMesh.cpp" />
		<Unit filename="../../graphics/camera.cpp" />
		<Unit filename="../../graphics/camera.hpp" />
		<Unit filename="../../graphics/explosion.cpp" />
		<Unit filename="../../graphics/explosion.hpp" />
		<Unit filename="../../graphics/irr_driver.cpp" />
		<Unit filename="../../graphics/irr_driver.hpp" />
		<Unit filename="../../graphics/material.cpp" />
		<Unit filename="../../graphics/material.hpp" />
		<Unit filename="../../graphics/material_manager.cpp" />
		<Unit filename="../../graphics/material_manager.hpp" />
		<Unit filename="../../graphics/mesh_tools.cpp" />
		<Unit filename="../../graphics/mesh_tools.hpp" />
		<Unit filename="../../graphics/moving_texture.cpp" />
		<Unit filename="../../graphics/moving_texture.hpp" />
		<Unit filename="../../graphics/particle_emitter.cpp" />
		<Unit filename="../../graphics/particle_emitter.hpp" />
		<Unit filename="../../graphics/particle_kind.cpp" />
		<Unit filename="../../graphics/particle_kind.hpp" />
		<Unit filename="../../graphics/particle_kind_manager.cpp" />
		<Unit filename="../../graphics/particle_kind_manager.hpp" />
		<Unit filename="../../graphics/shadow.cpp" />
		<Unit filename="../../graphics/shadow.hpp" />
		<Unit filename="../../graphics/skid_marks.cpp" />
		<Unit filename="../../graphics/skid_marks.hpp" />
		<Unit filename="../../graphics/slip_stream.cpp" />
		<Unit filename="../../graphics/slip_stream.hpp" />
		<Unit filename="../../graphics/stars.cpp" />
		<Unit filename="../../graphics/stars.hpp" />
		<Unit filename="../../graphics/water_splash.cpp" />
		<Unit filename="../../graphics/water_splash.hpp" />
		<Unit filename="../../guiengine/CGUISpriteBank.cpp" />
		<Unit filename="../../guiengine/abstract_state_manager.cpp" />
		<Unit filename="../../guiengine/abstract_state_manager.hpp" />
		<Unit filename="../../guiengine/abstract_top_level_container.cpp" />
		<Unit filename="../../guiengine/abstract_top_level_container.hpp" />
		<Unit filename="../../guiengine/engine.cpp" />
		<Unit filename="../../guiengine/engine.hpp" />
		<Unit filename="../../guiengine/event_handler.cpp" />
		<Unit filename="../../guiengine/event_handler.hpp" />
		<Unit filename="../../guiengine/layout_manager.cpp" />
		<Unit filename="../../guiengine/layout_manager.hpp" />
		<Unit filename="../../guiengine/modaldialog.cpp" />
		<Unit filename="../../guiengine/modaldialog.hpp" />
		<Unit filename="../../guiengine/scalable_font.cpp" />
		<Unit filename="../../guiengine/scalable_font.hpp" />
		<Unit filename="../../guiengine/screen.cpp" />
		<Unit filename="../../guiengine/screen.hpp" />
		<Unit filename="../../guiengine/screen_loader.cpp" />
		<Unit filename="../../guiengine/skin.cpp" />
		<Unit filename="../../guiengine/skin.hpp" />
		<Unit filename="../../guiengine/widget.cpp" />
		<Unit filename="../../guiengine/widget.hpp" />
		<Unit filename="../../guiengine/widgets.hpp" />
		<Unit filename="../../guiengine/widgets/bubble_widget.cpp" />
		<Unit filename="../../guiengine/widgets/bubble_widget.hpp" />
		<Unit filename="../../guiengine/widgets/button_widget.cpp" />
		<Unit filename="../../guiengine/widgets/button_widget.hpp" />
		<Unit filename="../../guiengine/widgets/check_box_widget.cpp" />
		<Unit filename="../../guiengine/widgets/check_box_widget.hpp" />
		<Unit filename="../../guiengine/widgets/dynamic_ribbon_widget.cpp" />
		<Unit filename="../../guiengine/widgets/dynamic_ribbon_widget.hpp" />
		<Unit filename="../../guiengine/widgets/icon_button_widget.cpp" />
		<Unit filename="../../guiengine/widgets/icon_button_widget.hpp" />
		<Unit filename="../../guiengine/widgets/label_widget.cpp" />
		<Unit filename="../../guiengine/widgets/label_widget.hpp" />
		<Unit filename="../../guiengine/widgets/list_widget.cpp" />
		<Unit filename="../../guiengine/widgets/list_widget.hpp" />
		<Unit filename="../../guiengine/widgets/model_view_widget.cpp" />
		<Unit filename="../../guiengine/widgets/model_view_widget.hpp" />
		<Unit filename="../../guiengine/widgets/progress_bar_widget.cpp" />
		<Unit filename="../../guiengine/widgets/progress_bar_widget.hpp" />
		<Unit filename="../../guiengine/widgets/ribbon_widget.cpp" />
		<Unit filename="../../guiengine/widgets/ribbon_widget.hpp" />
		<Unit filename="../../guiengine/widgets/spinner_widget.cpp" />
		<Unit filename="../../guiengine/widgets/spinner_widget.hpp" />
		<Unit filename="../../guiengine/widgets/text_box_widget.cpp" />
		<Unit filename="../../guiengine/widgets/text_box_widget.hpp" />
		<Unit filename="../../input/binding.cpp" />
		<Unit filename="../../input/binding.hpp" />
		<Unit filename="../../input/device_manager.cpp" />
		<Unit filename="../../input/device_manager.hpp" />
		<Unit filename="../../input/input.hpp" />
		<Unit filename="../../input/input_device.cpp" />
		<Unit filename="../../input/input_device.hpp" />
		<Unit filename="../../input/input_manager.cpp" />
		<Unit filename="../../input/input_manager.hpp" />
		<Unit filename="../../io/file_manager.cpp" />
		<Unit filename="../../io/file_manager.hpp" />
		<Unit filename="../../io/xml_node.cpp" />
		<Unit filename="../../io/xml_node.hpp" />
		<Unit filename="../../io/xml_writer.cpp" />
		<Unit filename="../../io/xml_writer.hpp" />
		<Unit filename="../../items/attachment.cpp" />
		<Unit filename="../../items/attachment.hpp" />
		<Unit filename="../../items/attachment_manager.cpp" />
		<Unit filename="../../items/attachment_manager.hpp" />
		<Unit filename="../../items/bowling.cpp" />
		<Unit filename="../../items/bowling.hpp" />
		<Unit filename="../../items/cake.cpp" />
		<Unit filename="../../items/cake.hpp" />
		<Unit filename="../../items/flyable.cpp" />
		<Unit filename="../../items/flyable.hpp" />
		<Unit filename="../../items/item.cpp" />
		<Unit filename="../../items/item.hpp" />
		<Unit filename="../../items/item_manager.cpp" />
		<Unit filename="../../items/item_manager.hpp" />
		<Unit filename="../../items/plunger.cpp" />
		<Unit filename="../../items/plunger.hpp" />
		<Unit filename="../../items/powerup.cpp" />
		<Unit filename="../../items/powerup.hpp" />
		<Unit filename="../../items/powerup_manager.cpp" />
		<Unit filename="../../items/powerup_manager.hpp" />
		<Unit filename="../../items/projectile_manager.cpp" />
		<Unit filename="../../items/projectile_manager.hpp" />
		<Unit filename="../../items/rubber_band.cpp" />
		<Unit filename="../../items/rubber_band.hpp" />
		<Unit filename="../../karts/controller/ai_base_controller.cpp" />
		<Unit filename="../../karts/controller/ai_base_controller.hpp" />
		<Unit filename="../../karts/controller/controller.cpp" />
		<Unit filename="../../karts/controller/controller.hpp" />
		<Unit filename="../../karts/controller/default_ai_controller.cpp" />
		<Unit filename="../../karts/controller/default_ai_controller.hpp" />
		<Unit filename="../../karts/controller/end_controller.cpp" />
		<Unit filename="../../karts/controller/end_controller.hpp" />
		<Unit filename="../../karts/controller/new_ai_controller.cpp" />
		<Unit filename="../../karts/controller/new_ai_controller.hpp" />
		<Unit filename="../../karts/controller/player_controller.cpp" />
		<Unit filename="../../karts/controller/player_controller.hpp" />
		<Unit filename="../../karts/emergency_animation.cpp" />
		<Unit filename="../../karts/emergency_animation.hpp" />
		<Unit filename="../../karts/kart.cpp" />
		<Unit filename="../../karts/kart.hpp" />
		<Unit filename="../../karts/kart_control.hpp" />
		<Unit filename="../../karts/kart_model.cpp" />
		<Unit filename="../../karts/kart_model.hpp" />
		<Unit filename="../../karts/kart_properties.cpp" />
		<Unit filename="../../karts/kart_properties.hpp" />
		<Unit filename="../../karts/kart_properties_manager.cpp" />
		<Unit filename="../../karts/kart_properties_manager.hpp" />
		<Unit filename="../../karts/max_speed.cpp" />
		<Unit filename="../../karts/max_speed.hpp" />
		<Unit filename="../../karts/moveable.cpp" />
		<Unit filename="../../karts/moveable.hpp" />
		<Unit filename="../../../src/main.cpp" />
		<Unit filename="../../main_loop.cpp" />
		<Unit filename="../../main_loop.hpp" />
		<Unit filename="../../modes/follow_the_leader.cpp" />
		<Unit filename="../../modes/follow_the_leader.hpp" />
		<Unit filename="../../modes/linear_world.cpp" />
		<Unit filename="../../modes/linear_world.hpp" />
		<Unit filename="../../modes/profile_world.cpp" />
		<Unit filename="../../modes/profile_world.hpp" />
		<Unit filename="../../modes/standard_race.cpp" />
		<Unit filename="../../modes/standard_race.hpp" />
		<Unit filename="../../modes/three_strikes_battle.cpp" />
		<Unit filename="../../modes/three_strikes_battle.hpp" />
		<Unit filename="../../modes/world.cpp" />
		<Unit filename="../../modes/world.hpp" />
		<Unit filename="../../modes/world_status.cpp" />
		<Unit filename="../../modes/world_status.hpp" />
		<Unit filename="../../modes/world_with_rank.cpp" />
		<Unit filename="../../modes/world_with_rank.hpp" />
		<Unit filename="../../network/character_confirm_message.hpp" />
		<Unit filename="../../network/character_info_message.hpp" />
		<Unit filename="../../network/character_selected_message.hpp" />
		<Unit filename="../../network/connect_message.cpp" />
		<Unit filename="../../network/connect_message.hpp" />
		<Unit filename="../../network/flyable_info.hpp" />
		<Unit filename="../../network/item_info.hpp" />
		<Unit filename="../../network/kart_control_message.cpp" />
		<Unit filename="../../network/kart_control_message.hpp" />
		<Unit filename="../../network/kart_packet.hpp" />
		<Unit filename="../../network/kart_update_message.cpp" />
		<Unit filename="../../network/kart_update_message.hpp" />
		<Unit filename="../../network/message.cpp" />
		<Unit filename="../../network/message.hpp" />
		<Unit filename="../../network/network_kart.cpp" />
		<Unit filename="../../network/network_kart.hpp" />
		<Unit filename="../../network/network_manager.cpp" />
		<Unit filename="../../network/network_manager.hpp" />
		<Unit filename="../../network/race_info_message.cpp" />
		<Unit filename="../../network/race_info_message.hpp" />
		<Unit filename="../../network/race_result_ack_message.hpp" />
		<Unit filename="../../network/race_result_message.cpp" />
		<Unit filename="../../network/race_result_message.hpp" />
		<Unit filename="../../network/race_start_message.hpp" />
		<Unit filename="../../network/race_state.cpp" />
		<Unit filename="../../network/race_state.hpp" />
		<Unit filename="../../network/remote_kart_info.hpp" />
		<Unit filename="../../network/world_loaded_message.hpp" />
		<Unit filename="../../physics/btKart.cpp" />
		<Unit filename="../../physics/btKart.hpp" />
		<Unit filename="../../physics/btUprightConstraint.cpp" />
		<Unit filename="../../physics/btUprightConstraint.hpp" />
		<Unit filename="../../physics/irr_debug_drawer.cpp" />
		<Unit filename="../../physics/irr_debug_drawer.hpp" />
		<Unit filename="../../physics/kart_motion_state.hpp" />
		<Unit filename="../../physics/physical_object.cpp" />
		<Unit filename="../../physics/physical_object.hpp" />
		<Unit filename="../../physics/physics.cpp" />
		<Unit filename="../../physics/physics.hpp" />
		<Unit filename="../../physics/triangle_mesh.cpp" />
		<Unit filename="../../physics/triangle_mesh.hpp" />
		<Unit filename="../../physics/user_pointer.hpp" />
		<Unit filename="../../race/grand_prix_data.cpp" />
		<Unit filename="../../race/grand_prix_data.hpp" />
		<Unit filename="../../race/grand_prix_manager.cpp" />
		<Unit filename="../../race/grand_prix_manager.hpp" />
		<Unit filename="../../race/highscore_manager.cpp" />
		<Unit filename="../../race/highscore_manager.hpp" />
		<Unit filename="../../race/highscores.cpp" />
		<Unit filename="../../race/highscores.hpp" />
		<Unit filename="../../race/history.cpp" />
		<Unit filename="../../race/history.hpp" />
		<Unit filename="../../race/race_manager.cpp" />
		<Unit filename="../../race/race_manager.hpp" />
		<Unit filename="../../replay/replay_base.cpp" />
		<Unit filename="../../replay/replay_base.hpp" />
		<Unit filename="../../replay/replay_buffer_tpl.hpp" />
		<Unit filename="../../replay/replay_buffers.cpp" />
		<Unit filename="../../replay/replay_buffers.hpp" />
		<Unit filename="../../replay/replay_player.cpp" />
		<Unit filename="../../replay/replay_player.hpp" />
		<Unit filename="../../replay/replay_recorder.cpp" />
		<Unit filename="../../replay/replay_recorder.hpp" />
		<Unit filename="../../states_screens/addons_screen.cpp" />
		<Unit filename="../../states_screens/addons_screen.hpp" />
		<Unit filename="../../states_screens/arenas_screen.cpp" />
		<Unit filename="../../states_screens/arenas_screen.hpp" />
		<Unit filename="../../states_screens/challenges.cpp" />
		<Unit filename="../../states_screens/challenges.hpp" />
		<Unit filename="../../states_screens/credits.cpp" />
		<Unit filename="../../states_screens/credits.hpp" />
		<Unit filename="../../states_screens/dialogs/add_device_dialog.cpp" />
		<Unit filename="../../states_screens/dialogs/add_device_dialog.hpp" />
		<Unit filename="../../states_screens/dialogs/addons_loading.cpp" />
		<Unit filename="../../states_screens/dialogs/addons_loading.hpp" />
		<Unit filename="../../states_screens/dialogs/confirm_resolution_dialog.cpp" />
		<Unit filename="../../states_screens/dialogs/confirm_resolution_dialog.hpp" />
		<Unit filename="../../states_screens/dialogs/enter_player_name_dialog.cpp" />
		<Unit filename="../../states_screens/dialogs/enter_player_name_dialog.hpp" />
		<Unit filename="../../states_screens/dialogs/gp_info_dialog.cpp" />
		<Unit filename="../../states_screens/dialogs/gp_info_dialog.hpp" />
		<Unit filename="../../states_screens/dialogs/message_dialog.cpp" />
		<Unit filename="../../states_screens/dialogs/message_dialog.hpp" />
		<Unit filename="../../states_screens/dialogs/player_info_dialog.cpp" />
		<Unit filename="../../states_screens/dialogs/player_info_dialog.hpp" />
		<Unit filename="../../states_screens/dialogs/press_a_key_dialog.cpp" />
		<Unit filename="../../states_screens/dialogs/press_a_key_dialog.hpp" />
		<Unit filename="../../states_screens/dialogs/race_over_dialog.cpp" />
		<Unit filename="../../states_screens/dialogs/race_over_dialog.hpp" />
		<Unit filename="../../states_screens/dialogs/race_paused_dialog.cpp" />
		<Unit filename="../../states_screens/dialogs/race_paused_dialog.hpp" />
		<Unit filename="../../states_screens/dialogs/track_info_dialog.cpp" />
		<Unit filename="../../states_screens/dialogs/track_info_dialog.hpp" />
		<Unit filename="../../states_screens/feature_unlocked.cpp" />
		<Unit filename="../../states_screens/feature_unlocked.hpp" />
		<Unit filename="../../states_screens/grand_prix_lose.cpp" />
		<Unit filename="../../states_screens/grand_prix_lose.hpp" />
		<Unit filename="../../states_screens/grand_prix_win.cpp" />
		<Unit filename="../../states_screens/grand_prix_win.hpp" />
		<Unit filename="../../states_screens/help_screen_1.cpp" />
		<Unit filename="../../states_screens/help_screen_1.hpp" />
		<Unit filename="../../states_screens/help_screen_2.cpp" />
		<Unit filename="../../states_screens/help_screen_2.hpp" />
		<Unit filename="../../states_screens/help_screen_3.cpp" />
		<Unit filename="../../states_screens/help_screen_3.hpp" />
		<Unit filename="../../states_screens/help_screen_4.cpp" />
		<Unit filename="../../states_screens/help_screen_4.hpp" />
		<Unit filename="../../states_screens/kart_selection.cpp" />
		<Unit filename="../../states_screens/kart_selection.hpp" />
		<Unit filename="../../states_screens/main_menu_screen.cpp" />
		<Unit filename="../../states_screens/main_menu_screen.hpp" />
		<Unit filename="../../states_screens/options_screen_audio.cpp" />
		<Unit filename="../../states_screens/options_screen_audio.hpp" />
		<Unit filename="../../states_screens/options_screen_input.cpp" />
		<Unit filename="../../states_screens/options_screen_input.hpp" />
		<Unit filename="../../states_screens/options_screen_input2.cpp" />
		<Unit filename="../../states_screens/options_screen_input2.hpp" />
		<Unit filename="../../states_screens/options_screen_players.cpp" />
		<Unit filename="../../states_screens/options_screen_players.hpp" />
		<Unit filename="../../states_screens/options_screen_video.cpp" />
		<Unit filename="../../states_screens/options_screen_video.hpp" />
		<Unit filename="../../states_screens/race_gui.cpp" />
		<Unit filename="../../states_screens/race_gui.hpp" />
		<Unit filename="../../states_screens/race_gui_base.hpp" />
		<Unit filename="../../states_screens/race_result_gui.cpp" />
		<Unit filename="../../states_screens/race_result_gui.hpp" />
		<Unit filename="../../states_screens/race_setup_screen.cpp" />
		<Unit filename="../../states_screens/race_setup_screen.hpp" />
		<Unit filename="../../states_screens/state_manager.cpp" />
		<Unit filename="../../states_screens/state_manager.hpp" />
		<Unit filename="../../states_screens/tracks_screen.cpp" />
		<Unit filename="../../states_screens/tracks_screen.hpp" />
		<Unit filename="../../states_screens/tutorial_screen.cpp" />
		<Unit filename="../../states_screens/tutorial_screen.hpp" />
		<Unit filename="../../tracks/ambient_light_sphere.cpp" />
		<Unit filename="../../tracks/ambient_light_sphere.hpp" />
		<Unit filename="../../tracks/bezier_curve.cpp" />
		<Unit filename="../../tracks/bezier_curve.hpp" />
		<Unit filename="../../tracks/check_lap.cpp" />
		<Unit filename="../../tracks/check_lap.hpp" />
		<Unit filename="../../tracks/check_line.cpp" />
		<Unit filename="../../tracks/check_line.hpp" />
		<Unit filename="../../tracks/check_manager.cpp" />
		<Unit filename="../../tracks/check_manager.hpp" />
		<Unit filename="../../tracks/check_sphere.cpp" />
		<Unit filename="../../tracks/check_sphere.hpp" />
		<Unit filename="../../tracks/check_structure.cpp" />
		<Unit filename="../../tracks/check_structure.hpp" />
		<Unit filename="../../tracks/graph_node.cpp" />
		<Unit filename="../../tracks/graph_node.hpp" />
		<Unit filename="../../tracks/quad.cpp" />
		<Unit filename="../../tracks/quad.hpp" />
		<Unit filename="../../tracks/quad_graph.cpp" />
		<Unit filename="../../tracks/quad_graph.hpp" />
		<Unit filename="../../tracks/quad_set.cpp" />
		<Unit filename="../../tracks/quad_set.hpp" />
		<Unit filename="../../tracks/terrain_info.cpp" />
		<Unit filename="../../tracks/terrain_info.hpp" />
		<Unit filename="../../tracks/track.cpp" />
		<Unit filename="../../tracks/track.hpp" />
		<Unit filename="../../tracks/track_manager.cpp" />
		<Unit filename="../../tracks/track_manager.hpp" />
		<Unit filename="../../tracks/track_object.cpp" />
		<Unit filename="../../tracks/track_object.hpp" />
		<Unit filename="../../tracks/track_object_manager.cpp" />
		<Unit filename="../../tracks/track_object_manager.hpp" />
		<Unit filename="../../tutorial/tutorial.cpp" />
		<Unit filename="../../tutorial/tutorial.hpp" />
		<Unit filename="../../tutorial/tutorial_data.cpp" />
		<Unit filename="../../tutorial/tutorial_data.hpp" />
		<Unit filename="../../tutorial/tutorial_manager.cpp" />
		<Unit filename="../../tutorial/tutorial_manager.hpp" />
		<Unit filename="../../utils/constants.cpp" />
		<Unit filename="../../utils/constants.hpp" />
		<Unit filename="../../utils/no_copy.hpp" />
		<Unit filename="../../utils/ptr_vector.hpp" />
		<Unit filename="../../utils/random_generator.cpp" />
		<Unit filename="../../utils/random_generator.hpp" />
		<Unit filename="../../utils/string_utils.cpp" />
		<Unit filename="../../utils/string_utils.hpp" />
		<Unit filename="../../utils/translation.cpp" />
		<Unit filename="../../utils/translation.hpp" />
		<Unit filename="../../utils/vec3.cpp" />
		<Unit filename="../../utils/vec3.hpp" />
		<Extensions>
			<code_completion />
			<debugger />
		</Extensions>
	</Project>
</CodeBlocks_project_file>
